
Microsoft Visual Studio Solution File, Format Version 12.00
# Visual Studio Version 17
VisualStudioVersion = 17.9.34728.123
MinimumVisualStudioVersion = 10.0.40219.1
Project("{FAE04EC0-301F-11D3-BF4B-00C04F79EFBC}") = "Practic_module_4.1", "Practic_module_4\Practic_module_4.1.csproj", "{C1F2DAC4-EC7A-48F6-A434-71D9185A03F0}"
EndProject
Project("{FAE04EC0-301F-11D3-BF4B-00C04F79EFBC}") = "Practic_module_4.2", "Practic_module_4.2\Practic_module_4.2.csproj", "{931A49E9-5EFE-4000-9BF4-1F3761015AE3}"
EndProject
Global
	GlobalSection(SolutionConfigurationPlatforms) = preSolution
		Debug|Any CPU = Debug|Any CPU
		Release|Any CPU = Release|Any CPU
	EndGlobalSection
	GlobalSection(ProjectConfigurationPlatforms) = postSolution
		{C1F2DAC4-EC7A-48F6-A434-71D9185A03F0}.Debug|Any CPU.ActiveCfg = Debug|Any CPU
		{C1F2DAC4-EC7A-48F6-A434-71D9185A03F0}.Debug|Any CPU.Build.0 = Debug|Any CPU
		{C1F2DAC4-EC7A-48F6-A434-71D9185A03F0}.Release|Any CPU.ActiveCfg = Release|Any CPU
		{C1F2DAC4-EC7A-48F6-A434-71D9185A03F0}.Release|Any CPU.Build.0 = Release|Any CPU
		{931A49E9-5EFE-4000-9BF4-1F3761015AE3}.Debug|Any CPU.ActiveCfg = Debug|Any CPU
		{931A49E9-5EFE-4000-9BF4-1F3761015AE3}.Debug|Any CPU.Build.0 = Debug|Any CPU
		{931A49E9-5EFE-4000-9BF4-1F3761015AE3}.Release|Any CPU.ActiveCfg = Release|Any CPU
		{931A49E9-5EFE-4000-9BF4-1F3761015AE3}.Release|Any CPU.Build.0 = Release|Any CPU
	EndGlobalSection
	GlobalSection(SolutionProperties) = preSolution
		HideSolutionNode = FALSE
	EndGlobalSection
	GlobalSection(ExtensibilityGlobals) = postSolution
		SolutionGuid = {4AB25779-6EA6-46B7-A969-F49B8814D972}
	EndGlobalSection
EndGlobal
